
Microsoft Visual Studio Solution File, Format Version 12.00
# Visual Studio 15
VisualStudioVersion = 15.0.26430.6
MinimumVisualStudioVersion = 10.0.40219.1
Project("{2150E333-8FDC-42A3-9474-1A3956D46DE8}") = "Solution Items", "Solution Items", "{E898BE28-3B58-4120-967D-29F9ACFCBAA1}"
	ProjectSection(SolutionItems) = preProject
		..\global.json = ..\global.json
		README.md = README.md
	EndProjectSection
EndProject
Project("{2150E333-8FDC-42A3-9474-1A3956D46DE8}") = "src", "src", "{EB00C6D6-7884-4FE5-AD4A-EEF26E75C1C1}"
EndProject
Project("{2150E333-8FDC-42A3-9474-1A3956D46DE8}") = "test", "test", "{CF1A6992-0B6A-4A68-AE0E-7E5DB435B0A9}"
EndProject
Project("{9A19103F-16F7-4668-BE54-9A1E7A4F7556}") = "NancyWebApp", "src\NancyWebApp\NancyWebApp.csproj", "{47491253-E57C-49E3-BA01-4A68A69EFD41}"
EndProject
Project("{9A19103F-16F7-4668-BE54-9A1E7A4F7556}") = "NancyWebAppClient", "src\NancyWebAppClient\NancyWebAppClient.csproj", "{3C785F18-46F4-464F-9AAF-AE6AD2317ABF}"
EndProject
Project("{9A19103F-16F7-4668-BE54-9A1E7A4F7556}") = "NancyWebApp.Tests", "test\NancyWebApp.Tests\NancyWebApp.Tests.csproj", "{34D067BA-EB79-49A6-8A49-54556C5B4488}"
EndProject
Global
	GlobalSection(SolutionConfigurationPlatforms) = preSolution
		Debug|Any CPU = Debug|Any CPU
		Release|Any CPU = Release|Any CPU
	EndGlobalSection
	GlobalSection(ProjectConfigurationPlatforms) = postSolution
		{47491253-E57C-49E3-BA01-4A68A69EFD41}.Debug|Any CPU.ActiveCfg = Debug|Any CPU
		{47491253-E57C-49E3-BA01-4A68A69EFD41}.Debug|Any CPU.Build.0 = Debug|Any CPU
		{47491253-E57C-49E3-BA01-4A68A69EFD41}.Release|Any CPU.ActiveCfg = Release|Any CPU
		{47491253-E57C-49E3-BA01-4A68A69EFD41}.Release|Any CPU.Build.0 = Release|Any CPU
		{3C785F18-46F4-464F-9AAF-AE6AD2317ABF}.Debug|Any CPU.ActiveCfg = Debug|Any CPU
		{3C785F18-46F4-464F-9AAF-AE6AD2317ABF}.Debug|Any CPU.Build.0 = Debug|Any CPU
		{3C785F18-46F4-464F-9AAF-AE6AD2317ABF}.Release|Any CPU.ActiveCfg = Release|Any CPU
		{3C785F18-46F4-464F-9AAF-AE6AD2317ABF}.Release|Any CPU.Build.0 = Release|Any CPU
		{34D067BA-EB79-49A6-8A49-54556C5B4488}.Debug|Any CPU.ActiveCfg = Debug|Any CPU
		{34D067BA-EB79-49A6-8A49-54556C5B4488}.Debug|Any CPU.Build.0 = Debug|Any CPU
		{34D067BA-EB79-49A6-8A49-54556C5B4488}.Release|Any CPU.ActiveCfg = Release|Any CPU
		{34D067BA-EB79-49A6-8A49-54556C5B4488}.Release|Any CPU.Build.0 = Release|Any CPU
	EndGlobalSection
	GlobalSection(SolutionProperties) = preSolution
		HideSolutionNode = FALSE
	EndGlobalSection
	GlobalSection(NestedProjects) = preSolution
		{47491253-E57C-49E3-BA01-4A68A69EFD41} = {EB00C6D6-7884-4FE5-AD4A-EEF26E75C1C1}
		{3C785F18-46F4-464F-9AAF-AE6AD2317ABF} = {EB00C6D6-7884-4FE5-AD4A-EEF26E75C1C1}
		{34D067BA-EB79-49A6-8A49-54556C5B4488} = {CF1A6992-0B6A-4A68-AE0E-7E5DB435B0A9}
	EndGlobalSection
EndGlobal
