
Microsoft Visual Studio Solution File, Format Version 12.00
# Visual Studio 14
VisualStudioVersion = 14.0.25420.1
MinimumVisualStudioVersion = 10.0.40219.1
Project("{8BB2217D-0F2D-49D1-97BC-3654ED321F3B}") = "NancyWebApp", "src\NancyWebApp\NancyWebApp.xproj", "{47491253-E57C-49E3-BA01-4A68A69EFD41}"
EndProject
Project("{2150E333-8FDC-42A3-9474-1A3956D46DE8}") = "Solution Items", "Solution Items", "{E898BE28-3B58-4120-967D-29F9ACFCBAA1}"
	ProjectSection(SolutionItems) = preProject
		..\global.json = ..\global.json
		README.md = README.md
	EndProjectSection
EndProject
Project("{8BB2217D-0F2D-49D1-97BC-3654ED321F3B}") = "NancyWebClient", "..\NancyWebClient\NancyWebClient.xproj", "{C1B03632-79C1-44FD-BCA3-3D17DE349F95}"
EndProject
Project("{8BB2217D-0F2D-49D1-97BC-3654ED321F3B}") = "NancyWebApp.Common", "src\NancyWebApp.Common\NancyWebApp.Common.xproj", "{4B047A17-4933-4DCA-8036-88ED6B249DDD}"
EndProject
Project("{8BB2217D-0F2D-49D1-97BC-3654ED321F3B}") = "NancyWebApp.Tests", "test\NancyWebApp.Tests\NancyWebApp.Tests.xproj", "{BD93C9C6-BB74-4516-A990-359F6726C5E6}"
EndProject
Project("{8BB2217D-0F2D-49D1-97BC-3654ED321F3B}") = "NancyWebAppClient", "src\NancyWebAppClient\NancyWebAppClient.xproj", "{3C785F18-46F4-464F-9AAF-AE6AD2317ABF}"
EndProject
Project("{8BB2217D-0F2D-49D1-97BC-3654ED321F3B}") = "NancyWebAppClient.Tests", "test\NancyWebAppClient.Tests\NancyWebAppClient.Tests.xproj", "{34D067BA-EB79-49A6-8A49-54556C5B4488}"
EndProject
Global
	GlobalSection(SolutionConfigurationPlatforms) = preSolution
		Debug|Any CPU = Debug|Any CPU
		Release|Any CPU = Release|Any CPU
	EndGlobalSection
	GlobalSection(ProjectConfigurationPlatforms) = postSolution
		{47491253-E57C-49E3-BA01-4A68A69EFD41}.Debug|Any CPU.ActiveCfg = Debug|Any CPU
		{47491253-E57C-49E3-BA01-4A68A69EFD41}.Debug|Any CPU.Build.0 = Debug|Any CPU
		{47491253-E57C-49E3-BA01-4A68A69EFD41}.Release|Any CPU.ActiveCfg = Release|Any CPU
		{47491253-E57C-49E3-BA01-4A68A69EFD41}.Release|Any CPU.Build.0 = Release|Any CPU
		{C1B03632-79C1-44FD-BCA3-3D17DE349F95}.Debug|Any CPU.ActiveCfg = Debug|Any CPU
		{C1B03632-79C1-44FD-BCA3-3D17DE349F95}.Debug|Any CPU.Build.0 = Debug|Any CPU
		{C1B03632-79C1-44FD-BCA3-3D17DE349F95}.Release|Any CPU.ActiveCfg = Release|Any CPU
		{C1B03632-79C1-44FD-BCA3-3D17DE349F95}.Release|Any CPU.Build.0 = Release|Any CPU
		{4B047A17-4933-4DCA-8036-88ED6B249DDD}.Debug|Any CPU.ActiveCfg = Debug|Any CPU
		{4B047A17-4933-4DCA-8036-88ED6B249DDD}.Debug|Any CPU.Build.0 = Debug|Any CPU
		{4B047A17-4933-4DCA-8036-88ED6B249DDD}.Release|Any CPU.ActiveCfg = Release|Any CPU
		{4B047A17-4933-4DCA-8036-88ED6B249DDD}.Release|Any CPU.Build.0 = Release|Any CPU
		{BD93C9C6-BB74-4516-A990-359F6726C5E6}.Debug|Any CPU.ActiveCfg = Debug|Any CPU
		{BD93C9C6-BB74-4516-A990-359F6726C5E6}.Debug|Any CPU.Build.0 = Debug|Any CPU
		{BD93C9C6-BB74-4516-A990-359F6726C5E6}.Release|Any CPU.ActiveCfg = Release|Any CPU
		{BD93C9C6-BB74-4516-A990-359F6726C5E6}.Release|Any CPU.Build.0 = Release|Any CPU
		{3C785F18-46F4-464F-9AAF-AE6AD2317ABF}.Debug|Any CPU.ActiveCfg = Debug|Any CPU
		{3C785F18-46F4-464F-9AAF-AE6AD2317ABF}.Debug|Any CPU.Build.0 = Debug|Any CPU
		{3C785F18-46F4-464F-9AAF-AE6AD2317ABF}.Release|Any CPU.ActiveCfg = Release|Any CPU
		{3C785F18-46F4-464F-9AAF-AE6AD2317ABF}.Release|Any CPU.Build.0 = Release|Any CPU
		{34D067BA-EB79-49A6-8A49-54556C5B4488}.Debug|Any CPU.ActiveCfg = Debug|Any CPU
		{34D067BA-EB79-49A6-8A49-54556C5B4488}.Debug|Any CPU.Build.0 = Debug|Any CPU
		{34D067BA-EB79-49A6-8A49-54556C5B4488}.Release|Any CPU.ActiveCfg = Release|Any CPU
		{34D067BA-EB79-49A6-8A49-54556C5B4488}.Release|Any CPU.Build.0 = Release|Any CPU
	EndGlobalSection
	GlobalSection(SolutionProperties) = preSolution
		HideSolutionNode = FALSE
	EndGlobalSection
EndGlobal
